// !$*UTF8*$!
{
	archiveVersion = 1;
	classes = {
	};
	objectVersion = 51;
	objects = {

/* Begin PBXBuildFile section */
		3C6A562D91CE481C3979750B /* Pods_LifeTree.framework in Frameworks */ = {isa = PBXBuildFile; fileRef = 9B5135F91C6AFCA69DC0C8BC /* Pods_LifeTree.framework */; };
		8D29DE1924813BD600D2423B /* CustomAlertViewController.swift in Sources */ = {isa = PBXBuildFile; fileRef = 8D29DE1824813BD600D2423B /* CustomAlertViewController.swift */; };
		8D29DE1B24854D8C00D2423B /* WalkthroughViewController.swift in Sources */ = {isa = PBXBuildFile; fileRef = 8D29DE1A24854D8C00D2423B /* WalkthroughViewController.swift */; };
		8D29DE1F24854E7A00D2423B /* WalkthroughPageView.xib in Resources */ = {isa = PBXBuildFile; fileRef = 8D29DE1E24854E7A00D2423B /* WalkthroughPageView.xib */; };
		8D29DE2124854EC200D2423B /* WalkthroughPage.swift in Sources */ = {isa = PBXBuildFile; fileRef = 8D29DE2024854EC200D2423B /* WalkthroughPage.swift */; };
		8D3BBD07245882690057B5EB /* IslandsVisualisationServices.swift in Sources */ = {isa = PBXBuildFile; fileRef = 8D3BBD06245882690057B5EB /* IslandsVisualisationServices.swift */; };
		8D5E2E4724868FA600DA8416 /* NameIslandViewController.swift in Sources */ = {isa = PBXBuildFile; fileRef = 8D5E2E4624868FA600DA8416 /* NameIslandViewController.swift */; };
		8D687B2024528D2C00F83BB7 /* AllIslandsScene.scn in Resources */ = {isa = PBXBuildFile; fileRef = 8D687B1F24528D2C00F83BB7 /* AllIslandsScene.scn */; };
		8D687B2224528D6D00F83BB7 /* IslandSpriteScene.sks in Resources */ = {isa = PBXBuildFile; fileRef = 8D687B2124528D6D00F83BB7 /* IslandSpriteScene.sks */; };
		8D687B2524528E5500F83BB7 /* IslandsViewController.swift in Sources */ = {isa = PBXBuildFile; fileRef = 8D687B2424528E5500F83BB7 /* IslandsViewController.swift */; };
		8D687B2724528EEF00F83BB7 /* CreateActionViewController.swift in Sources */ = {isa = PBXBuildFile; fileRef = 8D687B2624528EEF00F83BB7 /* CreateActionViewController.swift */; };
		8D687B322452912A00F83BB7 /* LifeAreaCategory.swift in Sources */ = {isa = PBXBuildFile; fileRef = 8D687B312452912A00F83BB7 /* LifeAreaCategory.swift */; };
		8D687B342452927200F83BB7 /* UpdateIslandsHealth.swift in Sources */ = {isa = PBXBuildFile; fileRef = 8D687B332452927200F83BB7 /* UpdateIslandsHealth.swift */; };
		8D687B382452944900F83BB7 /* PeripheralIsland.swift in Sources */ = {isa = PBXBuildFile; fileRef = 8D687B372452944900F83BB7 /* PeripheralIsland.swift */; };
		8D687B3A2452949400F83BB7 /* Mood.swift in Sources */ = {isa = PBXBuildFile; fileRef = 8D687B392452949400F83BB7 /* Mood.swift */; };
		8D687B3C245294BE00F83BB7 /* Action.swift in Sources */ = {isa = PBXBuildFile; fileRef = 8D687B3B245294BE00F83BB7 /* Action.swift */; };
		8D7B68C3246C6712009AE96C /* PanDirection.swift in Sources */ = {isa = PBXBuildFile; fileRef = 8D7B68C2246C6712009AE96C /* PanDirection.swift */; };
		8DAE935A2464ABBC0022FE5D /* VectorServices.swift in Sources */ = {isa = PBXBuildFile; fileRef = 8DAE93592464ABBC0022FE5D /* VectorServices.swift */; };
		8DC02BF2247585DB00281E2F /* CultivateIslandViewController.swift in Sources */ = {isa = PBXBuildFile; fileRef = 8DC02BF1247585DB00281E2F /* CultivateIslandViewController.swift */; };
		8DC02BF42478235700281E2F /* DateServices.swift in Sources */ = {isa = PBXBuildFile; fileRef = 8DC02BF32478235700281E2F /* DateServices.swift */; };
		8DC02BF62478295000281E2F /* TimeUnit.swift in Sources */ = {isa = PBXBuildFile; fileRef = 8DC02BF52478295000281E2F /* TimeUnit.swift */; };
		8DC02BFC247FEC3000281E2F /* CustomAlertServices.swift in Sources */ = {isa = PBXBuildFile; fileRef = 8DC02BFB247FEC3000281E2F /* CustomAlertServices.swift */; };
		8DFCE20C24744C820001AB3F /* ActionCustomAlertViewController.swift in Sources */ = {isa = PBXBuildFile; fileRef = 8DFCE20B24744C820001AB3F /* ActionCustomAlertViewController.swift */; };
		B302B5B92460841F00CB5D99 /* InformationHandler.swift in Sources */ = {isa = PBXBuildFile; fileRef = B302B5B82460841F00CB5D99 /* InformationHandler.swift */; };
		B30434EA2451EE7E007D6F3C /* AppDelegate.swift in Sources */ = {isa = PBXBuildFile; fileRef = B30434E92451EE7E007D6F3C /* AppDelegate.swift */; };
		B30434EC2451EE7E007D6F3C /* SceneDelegate.swift in Sources */ = {isa = PBXBuildFile; fileRef = B30434EB2451EE7E007D6F3C /* SceneDelegate.swift */; };
		B30434F12451EE7E007D6F3C /* Main.storyboard in Resources */ = {isa = PBXBuildFile; fileRef = B30434EF2451EE7E007D6F3C /* Main.storyboard */; };
		B30434F62451EE81007D6F3C /* Assets.xcassets in Resources */ = {isa = PBXBuildFile; fileRef = B30434F52451EE81007D6F3C /* Assets.xcassets */; };
		B30434F92451EE81007D6F3C /* LaunchScreen.storyboard in Resources */ = {isa = PBXBuildFile; fileRef = B30434F72451EE81007D6F3C /* LaunchScreen.storyboard */; };
		B30435162451EF6F007D6F3C /* LifeTree.xcdatamodeld in Resources */ = {isa = PBXBuildFile; fileRef = B304350C2451EEBB007D6F3C /* LifeTree.xcdatamodeld */; };
		B304351A2451F07F007D6F3C /* SelfIsland.swift in Sources */ = {isa = PBXBuildFile; fileRef = B304350E2451EEBB007D6F3C /* SelfIsland.swift */; };
		B304351B2451F082007D6F3C /* Errors.swift in Sources */ = {isa = PBXBuildFile; fileRef = B304350F2451EEBB007D6F3C /* Errors.swift */; };
		B304351C2451F084007D6F3C /* SelfIslandDataServices.swift in Sources */ = {isa = PBXBuildFile; fileRef = B30435142451EEBC007D6F3C /* SelfIslandDataServices.swift */; };
		B304351D2451F086007D6F3C /* CoreDataManager.swift in Sources */ = {isa = PBXBuildFile; fileRef = B30435112451EEBC007D6F3C /* CoreDataManager.swift */; };
		B304351E2451F088007D6F3C /* QueueManager.swift in Sources */ = {isa = PBXBuildFile; fileRef = B30435122451EEBC007D6F3C /* QueueManager.swift */; };
		B304351F2451F091007D6F3C /* DAO.swift in Sources */ = {isa = PBXBuildFile; fileRef = B30435082451EEBB007D6F3C /* DAO.swift */; };
		B30435202451F093007D6F3C /* SelfIslandDAO.swift in Sources */ = {isa = PBXBuildFile; fileRef = B30435092451EEBB007D6F3C /* SelfIslandDAO.swift */; };
		B36F82752488775500F81FD5 /* SelectIslandsViewController.swift in Sources */ = {isa = PBXBuildFile; fileRef = B36F82742488775500F81FD5 /* SelectIslandsViewController.swift */; };
		B36F827724888AF100F81FD5 /* LifeAreaTableViewCell.swift in Sources */ = {isa = PBXBuildFile; fileRef = B36F827624888AF100F81FD5 /* LifeAreaTableViewCell.swift */; };
		B3704B4824815C12007150BD /* IslandSpriteScene.swift in Sources */ = {isa = PBXBuildFile; fileRef = B3704B4724815C12007150BD /* IslandSpriteScene.swift */; };
		B3A7DC6924588384002AD059 /* PeripheralIslandDAO.swift in Sources */ = {isa = PBXBuildFile; fileRef = B3A7DC6824588384002AD059 /* PeripheralIslandDAO.swift */; };
		B3A7DC6B245884BB002AD059 /* PeripheralIslandDataServices.swift in Sources */ = {isa = PBXBuildFile; fileRef = B3A7DC6A245884BB002AD059 /* PeripheralIslandDataServices.swift */; };
		B3AE914D2473213300D47129 /* Colors.swift in Sources */ = {isa = PBXBuildFile; fileRef = B3AE914C2473213300D47129 /* Colors.swift */; };
		B3AE914F247569EF00D47129 /* FixedContentCell.swift in Sources */ = {isa = PBXBuildFile; fileRef = B3AE914E247569EF00D47129 /* FixedContentCell.swift */; };
		B3B1F90B24659CF700778E73 /* PeripheralCardViewController.swift in Sources */ = {isa = PBXBuildFile; fileRef = B3B1F90A24659CF700778E73 /* PeripheralCardViewController.swift */; };
		B3E10505246997230055E39C /* ActionDAO.swift in Sources */ = {isa = PBXBuildFile; fileRef = B3E10504246997230055E39C /* ActionDAO.swift */; };
		B3E10507246998B90055E39C /* ActionDataServices.swift in Sources */ = {isa = PBXBuildFile; fileRef = B3E10506246998B90055E39C /* ActionDataServices.swift */; };
		B3E1050C2469D77B0055E39C /* ActionTableViewCell.swift in Sources */ = {isa = PBXBuildFile; fileRef = B3E1050B2469D77B0055E39C /* ActionTableViewCell.swift */; };
		B3E1051A246DFB2B0055E39C /* CreateActionTableViewCell.swift in Sources */ = {isa = PBXBuildFile; fileRef = B3E10519246DFB2B0055E39C /* CreateActionTableViewCell.swift */; };
		B3E1051C246F47D20055E39C /* Season.swift in Sources */ = {isa = PBXBuildFile; fileRef = B3E1051B246F47D20055E39C /* Season.swift */; };
		E29D233E246B8DE200BD34A0 /* Poppins-Thin.ttf in Resources */ = {isa = PBXBuildFile; fileRef = E29D2338246B8DE200BD34A0 /* Poppins-Thin.ttf */; };
		E29D233F246B8DE200BD34A0 /* Poppins-Regular.ttf in Resources */ = {isa = PBXBuildFile; fileRef = E29D2339246B8DE200BD34A0 /* Poppins-Regular.ttf */; };
		E29D2340246B8DE200BD34A0 /* Poppins-Medium.ttf in Resources */ = {isa = PBXBuildFile; fileRef = E29D233A246B8DE200BD34A0 /* Poppins-Medium.ttf */; };
		E29D2341246B8DE200BD34A0 /* Poppins-SemiBold.ttf in Resources */ = {isa = PBXBuildFile; fileRef = E29D233B246B8DE200BD34A0 /* Poppins-SemiBold.ttf */; };
		E29D2342246B8DE200BD34A0 /* Poppins-Light.ttf in Resources */ = {isa = PBXBuildFile; fileRef = E29D233C246B8DE200BD34A0 /* Poppins-Light.ttf */; };
		E29D2343246B8DE200BD34A0 /* Poppins-Bold.ttf in Resources */ = {isa = PBXBuildFile; fileRef = E29D233D246B8DE200BD34A0 /* Poppins-Bold.ttf */; };
		E29D234C246B8E2200BD34A0 /* Montserrat-Light.ttf in Resources */ = {isa = PBXBuildFile; fileRef = E29D2346246B8E2100BD34A0 /* Montserrat-Light.ttf */; };
		E29D234D246B8E2200BD34A0 /* Montserrat-Regular.ttf in Resources */ = {isa = PBXBuildFile; fileRef = E29D2347246B8E2100BD34A0 /* Montserrat-Regular.ttf */; };
		E29D234E246B8E2200BD34A0 /* Montserrat-Thin.ttf in Resources */ = {isa = PBXBuildFile; fileRef = E29D2348246B8E2100BD34A0 /* Montserrat-Thin.ttf */; };
		E29D234F246B8E2200BD34A0 /* Montserrat-Medium.ttf in Resources */ = {isa = PBXBuildFile; fileRef = E29D2349246B8E2200BD34A0 /* Montserrat-Medium.ttf */; };
		E29D2350246B8E2200BD34A0 /* Montserrat-SemiBold.ttf in Resources */ = {isa = PBXBuildFile; fileRef = E29D234A246B8E2200BD34A0 /* Montserrat-SemiBold.ttf */; };
		E29D2351246B8E2200BD34A0 /* Montserrat-Bold.ttf in Resources */ = {isa = PBXBuildFile; fileRef = E29D234B246B8E2200BD34A0 /* Montserrat-Bold.ttf */; };
		E2B72AE424587450001DEC21 /* FloatingPanelViewController.swift in Sources */ = {isa = PBXBuildFile; fileRef = E2B72AE324587450001DEC21 /* FloatingPanelViewController.swift */; };
		E2B72AE72459B3AA001DEC21 /* CardViewController.swift in Sources */ = {isa = PBXBuildFile; fileRef = E2B72AE62459B3AA001DEC21 /* CardViewController.swift */; };
/* End PBXBuildFile section */

/* Begin PBXFileReference section */
		096CCE6A441B9F401E4ED645 /* Pods-LifeTree.release.xcconfig */ = {isa = PBXFileReference; includeInIndex = 1; lastKnownFileType = text.xcconfig; name = "Pods-LifeTree.release.xcconfig"; path = "Target Support Files/Pods-LifeTree/Pods-LifeTree.release.xcconfig"; sourceTree = "<group>"; };
		8D29DE1824813BD600D2423B /* CustomAlertViewController.swift */ = {isa = PBXFileReference; lastKnownFileType = sourcecode.swift; path = CustomAlertViewController.swift; sourceTree = "<group>"; };
		8D29DE1A24854D8C00D2423B /* WalkthroughViewController.swift */ = {isa = PBXFileReference; lastKnownFileType = sourcecode.swift; path = WalkthroughViewController.swift; sourceTree = "<group>"; };
		8D29DE1E24854E7A00D2423B /* WalkthroughPageView.xib */ = {isa = PBXFileReference; lastKnownFileType = file.xib; path = WalkthroughPageView.xib; sourceTree = "<group>"; };
		8D29DE2024854EC200D2423B /* WalkthroughPage.swift */ = {isa = PBXFileReference; lastKnownFileType = sourcecode.swift; path = WalkthroughPage.swift; sourceTree = "<group>"; };
		8D3BBD06245882690057B5EB /* IslandsVisualisationServices.swift */ = {isa = PBXFileReference; lastKnownFileType = sourcecode.swift; path = IslandsVisualisationServices.swift; sourceTree = "<group>"; };
		8D5E2E4624868FA600DA8416 /* NameIslandViewController.swift */ = {isa = PBXFileReference; lastKnownFileType = sourcecode.swift; path = NameIslandViewController.swift; sourceTree = "<group>"; };
		8D687B1F24528D2C00F83BB7 /* AllIslandsScene.scn */ = {isa = PBXFileReference; lastKnownFileType = file.bplist; path = AllIslandsScene.scn; sourceTree = "<group>"; };
		8D687B2124528D6D00F83BB7 /* IslandSpriteScene.sks */ = {isa = PBXFileReference; lastKnownFileType = file.sks; path = IslandSpriteScene.sks; sourceTree = "<group>"; };
		8D687B2424528E5500F83BB7 /* IslandsViewController.swift */ = {isa = PBXFileReference; lastKnownFileType = sourcecode.swift; path = IslandsViewController.swift; sourceTree = "<group>"; };
		8D687B2624528EEF00F83BB7 /* CreateActionViewController.swift */ = {isa = PBXFileReference; lastKnownFileType = sourcecode.swift; path = CreateActionViewController.swift; sourceTree = "<group>"; };
		8D687B312452912A00F83BB7 /* LifeAreaCategory.swift */ = {isa = PBXFileReference; lastKnownFileType = sourcecode.swift; path = LifeAreaCategory.swift; sourceTree = "<group>"; };
		8D687B332452927200F83BB7 /* UpdateIslandsHealth.swift */ = {isa = PBXFileReference; lastKnownFileType = sourcecode.swift; path = UpdateIslandsHealth.swift; sourceTree = "<group>"; };
		8D687B372452944900F83BB7 /* PeripheralIsland.swift */ = {isa = PBXFileReference; lastKnownFileType = sourcecode.swift; path = PeripheralIsland.swift; sourceTree = "<group>"; };
		8D687B392452949400F83BB7 /* Mood.swift */ = {isa = PBXFileReference; lastKnownFileType = sourcecode.swift; path = Mood.swift; sourceTree = "<group>"; };
		8D687B3B245294BE00F83BB7 /* Action.swift */ = {isa = PBXFileReference; lastKnownFileType = sourcecode.swift; path = Action.swift; sourceTree = "<group>"; };
		8D7B68C2246C6712009AE96C /* PanDirection.swift */ = {isa = PBXFileReference; lastKnownFileType = sourcecode.swift; path = PanDirection.swift; sourceTree = "<group>"; };
		8DAE93592464ABBC0022FE5D /* VectorServices.swift */ = {isa = PBXFileReference; lastKnownFileType = sourcecode.swift; path = VectorServices.swift; sourceTree = "<group>"; };
		8DC02BF1247585DB00281E2F /* CultivateIslandViewController.swift */ = {isa = PBXFileReference; lastKnownFileType = sourcecode.swift; path = CultivateIslandViewController.swift; sourceTree = "<group>"; };
		8DC02BF32478235700281E2F /* DateServices.swift */ = {isa = PBXFileReference; lastKnownFileType = sourcecode.swift; path = DateServices.swift; sourceTree = "<group>"; };
		8DC02BF52478295000281E2F /* TimeUnit.swift */ = {isa = PBXFileReference; lastKnownFileType = sourcecode.swift; path = TimeUnit.swift; sourceTree = "<group>"; };
		8DC02BFB247FEC3000281E2F /* CustomAlertServices.swift */ = {isa = PBXFileReference; lastKnownFileType = sourcecode.swift; path = CustomAlertServices.swift; sourceTree = "<group>"; };
		8DFCE20B24744C820001AB3F /* ActionCustomAlertViewController.swift */ = {isa = PBXFileReference; lastKnownFileType = sourcecode.swift; path = ActionCustomAlertViewController.swift; sourceTree = "<group>"; };
		9B5135F91C6AFCA69DC0C8BC /* Pods_LifeTree.framework */ = {isa = PBXFileReference; explicitFileType = wrapper.framework; includeInIndex = 0; path = Pods_LifeTree.framework; sourceTree = BUILT_PRODUCTS_DIR; };
		B302B5B82460841F00CB5D99 /* InformationHandler.swift */ = {isa = PBXFileReference; lastKnownFileType = sourcecode.swift; path = InformationHandler.swift; sourceTree = "<group>"; };
		B30434E62451EE7E007D6F3C /* Lifetree.app */ = {isa = PBXFileReference; explicitFileType = wrapper.application; includeInIndex = 0; path = Lifetree.app; sourceTree = BUILT_PRODUCTS_DIR; };
		B30434E92451EE7E007D6F3C /* AppDelegate.swift */ = {isa = PBXFileReference; lastKnownFileType = sourcecode.swift; path = AppDelegate.swift; sourceTree = "<group>"; };
		B30434EB2451EE7E007D6F3C /* SceneDelegate.swift */ = {isa = PBXFileReference; lastKnownFileType = sourcecode.swift; path = SceneDelegate.swift; sourceTree = "<group>"; };
		B30434F02451EE7E007D6F3C /* Base */ = {isa = PBXFileReference; lastKnownFileType = file.storyboard; name = Base; path = Base.lproj/Main.storyboard; sourceTree = "<group>"; };
		B30434F52451EE81007D6F3C /* Assets.xcassets */ = {isa = PBXFileReference; lastKnownFileType = folder.assetcatalog; path = Assets.xcassets; sourceTree = "<group>"; };
		B30434F82451EE81007D6F3C /* Base */ = {isa = PBXFileReference; lastKnownFileType = file.storyboard; name = Base; path = Base.lproj/LaunchScreen.storyboard; sourceTree = "<group>"; };
		B30434FA2451EE81007D6F3C /* Info.plist */ = {isa = PBXFileReference; lastKnownFileType = text.plist.xml; path = Info.plist; sourceTree = "<group>"; };
		B30435082451EEBB007D6F3C /* DAO.swift */ = {isa = PBXFileReference; fileEncoding = 4; lastKnownFileType = sourcecode.swift; path = DAO.swift; sourceTree = "<group>"; };
		B30435092451EEBB007D6F3C /* SelfIslandDAO.swift */ = {isa = PBXFileReference; fileEncoding = 4; lastKnownFileType = sourcecode.swift; path = SelfIslandDAO.swift; sourceTree = "<group>"; };
		B304350B2451EEBB007D6F3C /* SelfCoreData.xcdatamodel */ = {isa = PBXFileReference; lastKnownFileType = wrapper.xcdatamodel; path = SelfCoreData.xcdatamodel; sourceTree = "<group>"; };
		B304350E2451EEBB007D6F3C /* SelfIsland.swift */ = {isa = PBXFileReference; fileEncoding = 4; lastKnownFileType = sourcecode.swift; path = SelfIsland.swift; sourceTree = "<group>"; };
		B304350F2451EEBB007D6F3C /* Errors.swift */ = {isa = PBXFileReference; lastKnownFileType = sourcecode.swift; path = Errors.swift; sourceTree = "<group>"; };
		B30435112451EEBC007D6F3C /* CoreDataManager.swift */ = {isa = PBXFileReference; fileEncoding = 4; lastKnownFileType = sourcecode.swift; path = CoreDataManager.swift; sourceTree = "<group>"; };
		B30435122451EEBC007D6F3C /* QueueManager.swift */ = {isa = PBXFileReference; fileEncoding = 4; lastKnownFileType = sourcecode.swift; path = QueueManager.swift; sourceTree = "<group>"; };
		B30435142451EEBC007D6F3C /* SelfIslandDataServices.swift */ = {isa = PBXFileReference; fileEncoding = 4; lastKnownFileType = sourcecode.swift; path = SelfIslandDataServices.swift; sourceTree = "<group>"; };
		B36F82742488775500F81FD5 /* SelectIslandsViewController.swift */ = {isa = PBXFileReference; lastKnownFileType = sourcecode.swift; path = SelectIslandsViewController.swift; sourceTree = "<group>"; };
		B36F827624888AF100F81FD5 /* LifeAreaTableViewCell.swift */ = {isa = PBXFileReference; lastKnownFileType = sourcecode.swift; path = LifeAreaTableViewCell.swift; sourceTree = "<group>"; };
		B3704B4724815C12007150BD /* IslandSpriteScene.swift */ = {isa = PBXFileReference; lastKnownFileType = sourcecode.swift; path = IslandSpriteScene.swift; sourceTree = "<group>"; };
		B3A7DC6824588384002AD059 /* PeripheralIslandDAO.swift */ = {isa = PBXFileReference; lastKnownFileType = sourcecode.swift; path = PeripheralIslandDAO.swift; sourceTree = "<group>"; };
		B3A7DC6A245884BB002AD059 /* PeripheralIslandDataServices.swift */ = {isa = PBXFileReference; lastKnownFileType = sourcecode.swift; path = PeripheralIslandDataServices.swift; sourceTree = "<group>"; };
		B3AE914C2473213300D47129 /* Colors.swift */ = {isa = PBXFileReference; lastKnownFileType = sourcecode.swift; path = Colors.swift; sourceTree = "<group>"; };
		B3AE914E247569EF00D47129 /* FixedContentCell.swift */ = {isa = PBXFileReference; lastKnownFileType = sourcecode.swift; path = FixedContentCell.swift; sourceTree = "<group>"; };
		B3B1F90A24659CF700778E73 /* PeripheralCardViewController.swift */ = {isa = PBXFileReference; lastKnownFileType = sourcecode.swift; path = PeripheralCardViewController.swift; sourceTree = "<group>"; };
		B3E10504246997230055E39C /* ActionDAO.swift */ = {isa = PBXFileReference; lastKnownFileType = sourcecode.swift; path = ActionDAO.swift; sourceTree = "<group>"; };
		B3E10506246998B90055E39C /* ActionDataServices.swift */ = {isa = PBXFileReference; lastKnownFileType = sourcecode.swift; path = ActionDataServices.swift; sourceTree = "<group>"; };
		B3E1050B2469D77B0055E39C /* ActionTableViewCell.swift */ = {isa = PBXFileReference; lastKnownFileType = sourcecode.swift; path = ActionTableViewCell.swift; sourceTree = "<group>"; };
		B3E10519246DFB2B0055E39C /* CreateActionTableViewCell.swift */ = {isa = PBXFileReference; lastKnownFileType = sourcecode.swift; path = CreateActionTableViewCell.swift; sourceTree = "<group>"; };
		B3E1051B246F47D20055E39C /* Season.swift */ = {isa = PBXFileReference; lastKnownFileType = sourcecode.swift; path = Season.swift; sourceTree = "<group>"; };
		D1719F49DE69D292E3DFD21C /* Pods-LifeTree.debug.xcconfig */ = {isa = PBXFileReference; includeInIndex = 1; lastKnownFileType = text.xcconfig; name = "Pods-LifeTree.debug.xcconfig"; path = "Target Support Files/Pods-LifeTree/Pods-LifeTree.debug.xcconfig"; sourceTree = "<group>"; };
		E29C5F07246456CD002B1D7F /* LifeTree.entitlements */ = {isa = PBXFileReference; lastKnownFileType = text.plist.entitlements; path = LifeTree.entitlements; sourceTree = "<group>"; };
		E29D2338246B8DE200BD34A0 /* Poppins-Thin.ttf */ = {isa = PBXFileReference; lastKnownFileType = file; path = "Poppins-Thin.ttf"; sourceTree = "<group>"; };
		E29D2339246B8DE200BD34A0 /* Poppins-Regular.ttf */ = {isa = PBXFileReference; lastKnownFileType = file; path = "Poppins-Regular.ttf"; sourceTree = "<group>"; };
		E29D233A246B8DE200BD34A0 /* Poppins-Medium.ttf */ = {isa = PBXFileReference; lastKnownFileType = file; path = "Poppins-Medium.ttf"; sourceTree = "<group>"; };
		E29D233B246B8DE200BD34A0 /* Poppins-SemiBold.ttf */ = {isa = PBXFileReference; lastKnownFileType = file; path = "Poppins-SemiBold.ttf"; sourceTree = "<group>"; };
		E29D233C246B8DE200BD34A0 /* Poppins-Light.ttf */ = {isa = PBXFileReference; lastKnownFileType = file; path = "Poppins-Light.ttf"; sourceTree = "<group>"; };
		E29D233D246B8DE200BD34A0 /* Poppins-Bold.ttf */ = {isa = PBXFileReference; lastKnownFileType = file; path = "Poppins-Bold.ttf"; sourceTree = "<group>"; };
		E29D2346246B8E2100BD34A0 /* Montserrat-Light.ttf */ = {isa = PBXFileReference; lastKnownFileType = file; path = "Montserrat-Light.ttf"; sourceTree = "<group>"; };
		E29D2347246B8E2100BD34A0 /* Montserrat-Regular.ttf */ = {isa = PBXFileReference; lastKnownFileType = file; path = "Montserrat-Regular.ttf"; sourceTree = "<group>"; };
		E29D2348246B8E2100BD34A0 /* Montserrat-Thin.ttf */ = {isa = PBXFileReference; lastKnownFileType = file; path = "Montserrat-Thin.ttf"; sourceTree = "<group>"; };
		E29D2349246B8E2200BD34A0 /* Montserrat-Medium.ttf */ = {isa = PBXFileReference; lastKnownFileType = file; path = "Montserrat-Medium.ttf"; sourceTree = "<group>"; };
		E29D234A246B8E2200BD34A0 /* Montserrat-SemiBold.ttf */ = {isa = PBXFileReference; lastKnownFileType = file; path = "Montserrat-SemiBold.ttf"; sourceTree = "<group>"; };
		E29D234B246B8E2200BD34A0 /* Montserrat-Bold.ttf */ = {isa = PBXFileReference; lastKnownFileType = file; path = "Montserrat-Bold.ttf"; sourceTree = "<group>"; };
		E2B72AE324587450001DEC21 /* FloatingPanelViewController.swift */ = {isa = PBXFileReference; lastKnownFileType = sourcecode.swift; path = FloatingPanelViewController.swift; sourceTree = "<group>"; };
		E2B72AE62459B3AA001DEC21 /* CardViewController.swift */ = {isa = PBXFileReference; lastKnownFileType = sourcecode.swift; path = CardViewController.swift; sourceTree = "<group>"; };
/* End PBXFileReference section */

/* Begin PBXFrameworksBuildPhase section */
		B30434E32451EE7E007D6F3C /* Frameworks */ = {
			isa = PBXFrameworksBuildPhase;
			buildActionMask = 2147483647;
			files = (
				3C6A562D91CE481C3979750B /* Pods_LifeTree.framework in Frameworks */,
			);
			runOnlyForDeploymentPostprocessing = 0;
		};
/* End PBXFrameworksBuildPhase section */

/* Begin PBXGroup section */
		75EA6E9949713BBC2D9BD439 /* Pods */ = {
			isa = PBXGroup;
			children = (
				D1719F49DE69D292E3DFD21C /* Pods-LifeTree.debug.xcconfig */,
				096CCE6A441B9F401E4ED645 /* Pods-LifeTree.release.xcconfig */,
			);
			path = Pods;
			sourceTree = "<group>";
		};
		8D687B1D24528CCA00F83BB7 /* Storyboards */ = {
			isa = PBXGroup;
			children = (
				B30434F72451EE81007D6F3C /* LaunchScreen.storyboard */,
				B30434EF2451EE7E007D6F3C /* Main.storyboard */,
			);
			path = Storyboards;
			sourceTree = "<group>";
		};
		8D687B1E24528CE900F83BB7 /* Scenes */ = {
			isa = PBXGroup;
			children = (
				8D687B1F24528D2C00F83BB7 /* AllIslandsScene.scn */,
				8D687B2124528D6D00F83BB7 /* IslandSpriteScene.sks */,
				B3704B4724815C12007150BD /* IslandSpriteScene.swift */,
			);
			path = Scenes;
			sourceTree = "<group>";
		};
		8D687B2324528DBB00F83BB7 /* ViewControllers */ = {
			isa = PBXGroup;
			children = (
				E2B72AE52459261A001DEC21 /* UI */,
				8D687B2424528E5500F83BB7 /* IslandsViewController.swift */,
				8D687B2624528EEF00F83BB7 /* CreateActionViewController.swift */,
				E2B72AE62459B3AA001DEC21 /* CardViewController.swift */,
				B3B1F90A24659CF700778E73 /* PeripheralCardViewController.swift */,
				8DFCE20B24744C820001AB3F /* ActionCustomAlertViewController.swift */,
				8DC02BF1247585DB00281E2F /* CultivateIslandViewController.swift */,
				8D29DE1824813BD600D2423B /* CustomAlertViewController.swift */,
				8D29DE1A24854D8C00D2423B /* WalkthroughViewController.swift */,
				8D5E2E4624868FA600DA8416 /* NameIslandViewController.swift */,
				B36F82742488775500F81FD5 /* SelectIslandsViewController.swift */,
			);
			path = ViewControllers;
			sourceTree = "<group>";
		};
		8D687B302452911000F83BB7 /* Enums */ = {
			isa = PBXGroup;
			children = (
				B304350F2451EEBB007D6F3C /* Errors.swift */,
				8D7B68C2246C6712009AE96C /* PanDirection.swift */,
				8D687B312452912A00F83BB7 /* LifeAreaCategory.swift */,
				B3E1051B246F47D20055E39C /* Season.swift */,
				8DC02BF52478295000281E2F /* TimeUnit.swift */,
			);
			path = Enums;
			sourceTree = "<group>";
		};
		B30434DD2451EE7E007D6F3C = {
			isa = PBXGroup;
			children = (
				B30434E82451EE7E007D6F3C /* LifeTree */,
				E29D2337246B8D7800BD34A0 /* Font */,
				B30434E72451EE7E007D6F3C /* Products */,
				75EA6E9949713BBC2D9BD439 /* Pods */,
				D2E2C7124E84FEBEA0F26DFD /* Frameworks */,
			);
			sourceTree = "<group>";
		};
		B30434E72451EE7E007D6F3C /* Products */ = {
			isa = PBXGroup;
			children = (
				B30434E62451EE7E007D6F3C /* Lifetree.app */,
			);
			name = Products;
			sourceTree = "<group>";
		};
		B30434E82451EE7E007D6F3C /* LifeTree */ = {
			isa = PBXGroup;
			children = (
				E29C5F07246456CD002B1D7F /* LifeTree.entitlements */,
				B30435212451F47B007D6F3C /* Presentation */,
				B30435152451EEBC007D6F3C /* Business */,
				B30435132451EEBC007D6F3C /* Mechanisms */,
				B304350D2451EEBB007D6F3C /* Persistence */,
				B30435102451EEBB007D6F3C /* Model */,
				B30434E92451EE7E007D6F3C /* AppDelegate.swift */,
				B30434EB2451EE7E007D6F3C /* SceneDelegate.swift */,
				B30434FA2451EE81007D6F3C /* Info.plist */,
			);
			path = LifeTree;
			sourceTree = "<group>";
		};
		B304350A2451EEBB007D6F3C /* DAO */ = {
			isa = PBXGroup;
			children = (
				B30435082451EEBB007D6F3C /* DAO.swift */,
				B30435092451EEBB007D6F3C /* SelfIslandDAO.swift */,
				B3A7DC6824588384002AD059 /* PeripheralIslandDAO.swift */,
				B3E10504246997230055E39C /* ActionDAO.swift */,
			);
			path = DAO;
			sourceTree = "<group>";
		};
		B304350D2451EEBB007D6F3C /* Persistence */ = {
			isa = PBXGroup;
			children = (
				B304350A2451EEBB007D6F3C /* DAO */,
				B304350C2451EEBB007D6F3C /* LifeTree.xcdatamodeld */,
			);
			path = Persistence;
			sourceTree = "<group>";
		};
		B30435102451EEBB007D6F3C /* Model */ = {
			isa = PBXGroup;
			children = (
				8D687B302452911000F83BB7 /* Enums */,
				B304350E2451EEBB007D6F3C /* SelfIsland.swift */,
				8D687B372452944900F83BB7 /* PeripheralIsland.swift */,
				8D687B392452949400F83BB7 /* Mood.swift */,
				8D687B3B245294BE00F83BB7 /* Action.swift */,
			);
			path = Model;
			sourceTree = "<group>";
		};
		B30435132451EEBC007D6F3C /* Mechanisms */ = {
			isa = PBXGroup;
			children = (
				B30435112451EEBC007D6F3C /* CoreDataManager.swift */,
				B30435122451EEBC007D6F3C /* QueueManager.swift */,
			);
			path = Mechanisms;
			sourceTree = "<group>";
		};
		B30435152451EEBC007D6F3C /* Business */ = {
			isa = PBXGroup;
			children = (
				B30435142451EEBC007D6F3C /* SelfIslandDataServices.swift */,
				B3A7DC6A245884BB002AD059 /* PeripheralIslandDataServices.swift */,
				B3E10506246998B90055E39C /* ActionDataServices.swift */,
				8D687B332452927200F83BB7 /* UpdateIslandsHealth.swift */,
				8D3BBD06245882690057B5EB /* IslandsVisualisationServices.swift */,
				B302B5B82460841F00CB5D99 /* InformationHandler.swift */,
				8DAE93592464ABBC0022FE5D /* VectorServices.swift */,
				8DC02BF32478235700281E2F /* DateServices.swift */,
				8DC02BFB247FEC3000281E2F /* CustomAlertServices.swift */,
			);
			path = Business;
			sourceTree = "<group>";
		};
		B30435212451F47B007D6F3C /* Presentation */ = {
			isa = PBXGroup;
			children = (
				B3E1050A2469D7400055E39C /* Cells */,
				8D687B2324528DBB00F83BB7 /* ViewControllers */,
				8D687B1E24528CE900F83BB7 /* Scenes */,
				8D687B1D24528CCA00F83BB7 /* Storyboards */,
				B30434F52451EE81007D6F3C /* Assets.xcassets */,
			);
			path = Presentation;
			sourceTree = "<group>";
		};
		B3E1050A2469D7400055E39C /* Cells */ = {
			isa = PBXGroup;
			children = (
				B3E1050B2469D77B0055E39C /* ActionTableViewCell.swift */,
				B3E10519246DFB2B0055E39C /* CreateActionTableViewCell.swift */,
				B3AE914E247569EF00D47129 /* FixedContentCell.swift */,
				8D29DE1E24854E7A00D2423B /* WalkthroughPageView.xib */,
				B36F827624888AF100F81FD5 /* LifeAreaTableViewCell.swift */,
			);
			path = Cells;
			sourceTree = "<group>";
		};
		D2E2C7124E84FEBEA0F26DFD /* Frameworks */ = {
			isa = PBXGroup;
			children = (
				9B5135F91C6AFCA69DC0C8BC /* Pods_LifeTree.framework */,
			);
			name = Frameworks;
			sourceTree = "<group>";
		};
		E29D2337246B8D7800BD34A0 /* Font */ = {
			isa = PBXGroup;
			children = (
				E29D2345246B8DFE00BD34A0 /* Montserrat */,
				E29D2344246B8DE700BD34A0 /* Poppins */,
			);
			path = Font;
			sourceTree = "<group>";
		};
		E29D2344246B8DE700BD34A0 /* Poppins */ = {
			isa = PBXGroup;
			children = (
				E29D233D246B8DE200BD34A0 /* Poppins-Bold.ttf */,
				E29D233C246B8DE200BD34A0 /* Poppins-Light.ttf */,
				E29D233A246B8DE200BD34A0 /* Poppins-Medium.ttf */,
				E29D2339246B8DE200BD34A0 /* Poppins-Regular.ttf */,
				E29D233B246B8DE200BD34A0 /* Poppins-SemiBold.ttf */,
				E29D2338246B8DE200BD34A0 /* Poppins-Thin.ttf */,
			);
			path = Poppins;
			sourceTree = "<group>";
		};
		E29D2345246B8DFE00BD34A0 /* Montserrat */ = {
			isa = PBXGroup;
			children = (
				E29D234B246B8E2200BD34A0 /* Montserrat-Bold.ttf */,
				E29D2346246B8E2100BD34A0 /* Montserrat-Light.ttf */,
				E29D2349246B8E2200BD34A0 /* Montserrat-Medium.ttf */,
				E29D2347246B8E2100BD34A0 /* Montserrat-Regular.ttf */,
				E29D234A246B8E2200BD34A0 /* Montserrat-SemiBold.ttf */,
				E29D2348246B8E2100BD34A0 /* Montserrat-Thin.ttf */,
			);
			path = Montserrat;
			sourceTree = "<group>";
		};
		E2B72AE52459261A001DEC21 /* UI */ = {
			isa = PBXGroup;
			children = (
				E2B72AE324587450001DEC21 /* FloatingPanelViewController.swift */,
				B3AE914C2473213300D47129 /* Colors.swift */,
				8D29DE2024854EC200D2423B /* WalkthroughPage.swift */,
			);
			path = UI;
			sourceTree = "<group>";
		};
/* End PBXGroup section */

/* Begin PBXNativeTarget section */
		B30434E52451EE7E007D6F3C /* LifeTree */ = {
			isa = PBXNativeTarget;
			buildConfigurationList = B30434FD2451EE81007D6F3C /* Build configuration list for PBXNativeTarget "LifeTree" */;
			buildPhases = (
				2C8106557416FA5124B74903 /* [CP] Check Pods Manifest.lock */,
				B30434E22451EE7E007D6F3C /* Sources */,
				B30434E32451EE7E007D6F3C /* Frameworks */,
				B30434E42451EE7E007D6F3C /* Resources */,
				77B61DD5ED2332811F80E83F /* [CP] Embed Pods Frameworks */,
			);
			buildRules = (
			);
			dependencies = (
			);
			name = LifeTree;
			productName = LifeTree;
			productReference = B30434E62451EE7E007D6F3C /* Lifetree.app */;
			productType = "com.apple.product-type.application";
		};
/* End PBXNativeTarget section */

/* Begin PBXProject section */
		B30434DE2451EE7E007D6F3C /* Project object */ = {
			isa = PBXProject;
			attributes = {
				LastSwiftUpdateCheck = 1140;
				LastUpgradeCheck = 1140;
				ORGANIZATIONNAME = "Beatriz Viseu Linhares";
				TargetAttributes = {
					B30434E52451EE7E007D6F3C = {
						CreatedOnToolsVersion = 11.4.1;
					};
				};
			};
			buildConfigurationList = B30434E12451EE7E007D6F3C /* Build configuration list for PBXProject "LifeTree" */;
			compatibilityVersion = "Xcode 9.3";
			developmentRegion = en;
			hasScannedForEncodings = 0;
			knownRegions = (
				en,
				Base,
			);
			mainGroup = B30434DD2451EE7E007D6F3C;
			productRefGroup = B30434E72451EE7E007D6F3C /* Products */;
			projectDirPath = "";
			projectRoot = "";
			targets = (
				B30434E52451EE7E007D6F3C /* LifeTree */,
			);
		};
/* End PBXProject section */

/* Begin PBXResourcesBuildPhase section */
		B30434E42451EE7E007D6F3C /* Resources */ = {
			isa = PBXResourcesBuildPhase;
			buildActionMask = 2147483647;
			files = (
				B30434F92451EE81007D6F3C /* LaunchScreen.storyboard in Resources */,
				E29D233E246B8DE200BD34A0 /* Poppins-Thin.ttf in Resources */,
				E29D234D246B8E2200BD34A0 /* Montserrat-Regular.ttf in Resources */,
				B30435162451EF6F007D6F3C /* LifeTree.xcdatamodeld in Resources */,
				8D687B2224528D6D00F83BB7 /* IslandSpriteScene.sks in Resources */,
				B30434F62451EE81007D6F3C /* Assets.xcassets in Resources */,
				E29D2341246B8DE200BD34A0 /* Poppins-SemiBold.ttf in Resources */,
				B30434F12451EE7E007D6F3C /* Main.storyboard in Resources */,
				E29D2343246B8DE200BD34A0 /* Poppins-Bold.ttf in Resources */,
				E29D2340246B8DE200BD34A0 /* Poppins-Medium.ttf in Resources */,
				E29D234E246B8E2200BD34A0 /* Montserrat-Thin.ttf in Resources */,
				8D687B2024528D2C00F83BB7 /* AllIslandsScene.scn in Resources */,
				E29D2342246B8DE200BD34A0 /* Poppins-Light.ttf in Resources */,
				E29D2350246B8E2200BD34A0 /* Montserrat-SemiBold.ttf in Resources */,
				E29D2351246B8E2200BD34A0 /* Montserrat-Bold.ttf in Resources */,
				E29D233F246B8DE200BD34A0 /* Poppins-Regular.ttf in Resources */,
				E29D234F246B8E2200BD34A0 /* Montserrat-Medium.ttf in Resources */,
				8D29DE1F24854E7A00D2423B /* WalkthroughPageView.xib in Resources */,
				E29D234C246B8E2200BD34A0 /* Montserrat-Light.ttf in Resources */,
			);
			runOnlyForDeploymentPostprocessing = 0;
		};
/* End PBXResourcesBuildPhase section */

/* Begin PBXShellScriptBuildPhase section */
		2C8106557416FA5124B74903 /* [CP] Check Pods Manifest.lock */ = {
			isa = PBXShellScriptBuildPhase;
			buildActionMask = 2147483647;
			files = (
			);
			inputFileListPaths = (
			);
			inputPaths = (
				"${PODS_PODFILE_DIR_PATH}/Podfile.lock",
				"${PODS_ROOT}/Manifest.lock",
			);
			name = "[CP] Check Pods Manifest.lock";
			outputFileListPaths = (
			);
			outputPaths = (
				"$(DERIVED_FILE_DIR)/Pods-LifeTree-checkManifestLockResult.txt",
			);
			runOnlyForDeploymentPostprocessing = 0;
			shellPath = /bin/sh;
			shellScript = "diff \"${PODS_PODFILE_DIR_PATH}/Podfile.lock\" \"${PODS_ROOT}/Manifest.lock\" > /dev/null\nif [ $? != 0 ] ; then\n    # print error to STDERR\n    echo \"error: The sandbox is not in sync with the Podfile.lock. Run 'pod install' or update your CocoaPods installation.\" >&2\n    exit 1\nfi\n# This output is used by Xcode 'outputs' to avoid re-running this script phase.\necho \"SUCCESS\" > \"${SCRIPT_OUTPUT_FILE_0}\"\n";
			showEnvVarsInLog = 0;
		};
		77B61DD5ED2332811F80E83F /* [CP] Embed Pods Frameworks */ = {
			isa = PBXShellScriptBuildPhase;
			buildActionMask = 2147483647;
			files = (
			);
			inputFileListPaths = (
				"${PODS_ROOT}/Target Support Files/Pods-LifeTree/Pods-LifeTree-frameworks-${CONFIGURATION}-input-files.xcfilelist",
			);
			name = "[CP] Embed Pods Frameworks";
			outputFileListPaths = (
				"${PODS_ROOT}/Target Support Files/Pods-LifeTree/Pods-LifeTree-frameworks-${CONFIGURATION}-output-files.xcfilelist",
			);
			runOnlyForDeploymentPostprocessing = 0;
			shellPath = /bin/sh;
			shellScript = "\"${PODS_ROOT}/Target Support Files/Pods-LifeTree/Pods-LifeTree-frameworks.sh\"\n";
			showEnvVarsInLog = 0;
		};
/* End PBXShellScriptBuildPhase section */

/* Begin PBXSourcesBuildPhase section */
		B30434E22451EE7E007D6F3C /* Sources */ = {
			isa = PBXSourcesBuildPhase;
			buildActionMask = 2147483647;
			files = (
				B3E1050C2469D77B0055E39C /* ActionTableViewCell.swift in Sources */,
				B3A7DC6924588384002AD059 /* PeripheralIslandDAO.swift in Sources */,
				8D687B3C245294BE00F83BB7 /* Action.swift in Sources */,
				8DC02BF42478235700281E2F /* DateServices.swift in Sources */,
				B3AE914F247569EF00D47129 /* FixedContentCell.swift in Sources */,
				B302B5B92460841F00CB5D99 /* InformationHandler.swift in Sources */,
				B304351A2451F07F007D6F3C /* SelfIsland.swift in Sources */,
				8D7B68C3246C6712009AE96C /* PanDirection.swift in Sources */,
				B304351B2451F082007D6F3C /* Errors.swift in Sources */,
				8D29DE1B24854D8C00D2423B /* WalkthroughViewController.swift in Sources */,
				B36F827724888AF100F81FD5 /* LifeAreaTableViewCell.swift in Sources */,
				8D687B322452912A00F83BB7 /* LifeAreaCategory.swift in Sources */,
				8D687B2524528E5500F83BB7 /* IslandsViewController.swift in Sources */,
				B304351C2451F084007D6F3C /* SelfIslandDataServices.swift in Sources */,
				B304351F2451F091007D6F3C /* DAO.swift in Sources */,
				B3704B4824815C12007150BD /* IslandSpriteScene.swift in Sources */,
				8D3BBD07245882690057B5EB /* IslandsVisualisationServices.swift in Sources */,
				8DAE935A2464ABBC0022FE5D /* VectorServices.swift in Sources */,
				8D687B3A2452949400F83BB7 /* Mood.swift in Sources */,
				8DFCE20C24744C820001AB3F /* ActionCustomAlertViewController.swift in Sources */,
				B3E10507246998B90055E39C /* ActionDataServices.swift in Sources */,
				B30434EA2451EE7E007D6F3C /* AppDelegate.swift in Sources */,
				B304351E2451F088007D6F3C /* QueueManager.swift in Sources */,
				8D29DE1924813BD600D2423B /* CustomAlertViewController.swift in Sources */,
				8D687B2724528EEF00F83BB7 /* CreateActionViewController.swift in Sources */,
				B3B1F90B24659CF700778E73 /* PeripheralCardViewController.swift in Sources */,
				8D687B342452927200F83BB7 /* UpdateIslandsHealth.swift in Sources */,
				B3A7DC6B245884BB002AD059 /* PeripheralIslandDataServices.swift in Sources */,
				8DC02BF62478295000281E2F /* TimeUnit.swift in Sources */,
				B3E10505246997230055E39C /* ActionDAO.swift in Sources */,
				B3AE914D2473213300D47129 /* Colors.swift in Sources */,
				E2B72AE424587450001DEC21 /* FloatingPanelViewController.swift in Sources */,
				B3E1051C246F47D20055E39C /* Season.swift in Sources */,
				B304351D2451F086007D6F3C /* CoreDataManager.swift in Sources */,
				B30434EC2451EE7E007D6F3C /* SceneDelegate.swift in Sources */,
				8D5E2E4724868FA600DA8416 /* NameIslandViewController.swift in Sources */,
				E2B72AE72459B3AA001DEC21 /* CardViewController.swift in Sources */,
				8D687B382452944900F83BB7 /* PeripheralIsland.swift in Sources */,
				8D29DE2124854EC200D2423B /* WalkthroughPage.swift in Sources */,
				B30435202451F093007D6F3C /* SelfIslandDAO.swift in Sources */,
				B3E1051A246DFB2B0055E39C /* CreateActionTableViewCell.swift in Sources */,
				8DC02BF2247585DB00281E2F /* CultivateIslandViewController.swift in Sources */,
				B36F82752488775500F81FD5 /* SelectIslandsViewController.swift in Sources */,
				8DC02BFC247FEC3000281E2F /* CustomAlertServices.swift in Sources */,
			);
			runOnlyForDeploymentPostprocessing = 0;
		};
/* End PBXSourcesBuildPhase section */

/* Begin PBXVariantGroup section */
		B30434EF2451EE7E007D6F3C /* Main.storyboard */ = {
			isa = PBXVariantGroup;
			children = (
				B30434F02451EE7E007D6F3C /* Base */,
			);
			name = Main.storyboard;
			sourceTree = "<group>";
		};
		B30434F72451EE81007D6F3C /* LaunchScreen.storyboard */ = {
			isa = PBXVariantGroup;
			children = (
				B30434F82451EE81007D6F3C /* Base */,
			);
			name = LaunchScreen.storyboard;
			sourceTree = "<group>";
		};
/* End PBXVariantGroup section */

/* Begin XCBuildConfiguration section */
		B30434FB2451EE81007D6F3C /* Debug */ = {
			isa = XCBuildConfiguration;
			buildSettings = {
				ALWAYS_SEARCH_USER_PATHS = NO;
				CLANG_ANALYZER_NONNULL = YES;
				CLANG_ANALYZER_NUMBER_OBJECT_CONVERSION = YES_AGGRESSIVE;
				CLANG_CXX_LANGUAGE_STANDARD = "gnu++14";
				CLANG_CXX_LIBRARY = "libc++";
				CLANG_ENABLE_MODULES = YES;
				CLANG_ENABLE_OBJC_ARC = YES;
				CLANG_ENABLE_OBJC_WEAK = YES;
				CLANG_WARN_BLOCK_CAPTURE_AUTORELEASING = YES;
				CLANG_WARN_BOOL_CONVERSION = YES;
				CLANG_WARN_COMMA = YES;
				CLANG_WARN_CONSTANT_CONVERSION = YES;
				CLANG_WARN_DEPRECATED_OBJC_IMPLEMENTATIONS = YES;
				CLANG_WARN_DIRECT_OBJC_ISA_USAGE = YES_ERROR;
				CLANG_WARN_DOCUMENTATION_COMMENTS = YES;
				CLANG_WARN_EMPTY_BODY = YES;
				CLANG_WARN_ENUM_CONVERSION = YES;
				CLANG_WARN_INFINITE_RECURSION = YES;
				CLANG_WARN_INT_CONVERSION = YES;
				CLANG_WARN_NON_LITERAL_NULL_CONVERSION = YES;
				CLANG_WARN_OBJC_IMPLICIT_RETAIN_SELF = YES;
				CLANG_WARN_OBJC_LITERAL_CONVERSION = YES;
				CLANG_WARN_OBJC_ROOT_CLASS = YES_ERROR;
				CLANG_WARN_RANGE_LOOP_ANALYSIS = YES;
				CLANG_WARN_STRICT_PROTOTYPES = YES;
				CLANG_WARN_SUSPICIOUS_MOVE = YES;
				CLANG_WARN_UNGUARDED_AVAILABILITY = YES_AGGRESSIVE;
				CLANG_WARN_UNREACHABLE_CODE = YES;
				CLANG_WARN__DUPLICATE_METHOD_MATCH = YES;
				COPY_PHASE_STRIP = NO;
				DEBUG_INFORMATION_FORMAT = dwarf;
				ENABLE_STRICT_OBJC_MSGSEND = YES;
				ENABLE_TESTABILITY = YES;
				GCC_C_LANGUAGE_STANDARD = gnu11;
				GCC_DYNAMIC_NO_PIC = NO;
				GCC_NO_COMMON_BLOCKS = YES;
				GCC_OPTIMIZATION_LEVEL = 0;
				GCC_PREPROCESSOR_DEFINITIONS = (
					"DEBUG=1",
					"$(inherited)",
				);
				GCC_WARN_64_TO_32_BIT_CONVERSION = YES;
				GCC_WARN_ABOUT_RETURN_TYPE = YES_ERROR;
				GCC_WARN_UNDECLARED_SELECTOR = YES;
				GCC_WARN_UNINITIALIZED_AUTOS = YES_AGGRESSIVE;
				GCC_WARN_UNUSED_FUNCTION = YES;
				GCC_WARN_UNUSED_VARIABLE = YES;
				IPHONEOS_DEPLOYMENT_TARGET = 13.4;
				MTL_ENABLE_DEBUG_INFO = INCLUDE_SOURCE;
				MTL_FAST_MATH = YES;
				ONLY_ACTIVE_ARCH = YES;
				SDKROOT = iphoneos;
				SWIFT_ACTIVE_COMPILATION_CONDITIONS = DEBUG;
				SWIFT_OPTIMIZATION_LEVEL = "-Onone";
			};
			name = Debug;
		};
		B30434FC2451EE81007D6F3C /* Release */ = {
			isa = XCBuildConfiguration;
			buildSettings = {
				ALWAYS_SEARCH_USER_PATHS = NO;
				CLANG_ANALYZER_NONNULL = YES;
				CLANG_ANALYZER_NUMBER_OBJECT_CONVERSION = YES_AGGRESSIVE;
				CLANG_CXX_LANGUAGE_STANDARD = "gnu++14";
				CLANG_CXX_LIBRARY = "libc++";
				CLANG_ENABLE_MODULES = YES;
				CLANG_ENABLE_OBJC_ARC = YES;
				CLANG_ENABLE_OBJC_WEAK = YES;
				CLANG_WARN_BLOCK_CAPTURE_AUTORELEASING = YES;
				CLANG_WARN_BOOL_CONVERSION = YES;
				CLANG_WARN_COMMA = YES;
				CLANG_WARN_CONSTANT_CONVERSION = YES;
				CLANG_WARN_DEPRECATED_OBJC_IMPLEMENTATIONS = YES;
				CLANG_WARN_DIRECT_OBJC_ISA_USAGE = YES_ERROR;
				CLANG_WARN_DOCUMENTATION_COMMENTS = YES;
				CLANG_WARN_EMPTY_BODY = YES;
				CLANG_WARN_ENUM_CONVERSION = YES;
				CLANG_WARN_INFINITE_RECURSION = YES;
				CLANG_WARN_INT_CONVERSION = YES;
				CLANG_WARN_NON_LITERAL_NULL_CONVERSION = YES;
				CLANG_WARN_OBJC_IMPLICIT_RETAIN_SELF = YES;
				CLANG_WARN_OBJC_LITERAL_CONVERSION = YES;
				CLANG_WARN_OBJC_ROOT_CLASS = YES_ERROR;
				CLANG_WARN_RANGE_LOOP_ANALYSIS = YES;
				CLANG_WARN_STRICT_PROTOTYPES = YES;
				CLANG_WARN_SUSPICIOUS_MOVE = YES;
				CLANG_WARN_UNGUARDED_AVAILABILITY = YES_AGGRESSIVE;
				CLANG_WARN_UNREACHABLE_CODE = YES;
				CLANG_WARN__DUPLICATE_METHOD_MATCH = YES;
				COPY_PHASE_STRIP = NO;
				DEBUG_INFORMATION_FORMAT = "dwarf-with-dsym";
				ENABLE_NS_ASSERTIONS = NO;
				ENABLE_STRICT_OBJC_MSGSEND = YES;
				GCC_C_LANGUAGE_STANDARD = gnu11;
				GCC_NO_COMMON_BLOCKS = YES;
				GCC_WARN_64_TO_32_BIT_CONVERSION = YES;
				GCC_WARN_ABOUT_RETURN_TYPE = YES_ERROR;
				GCC_WARN_UNDECLARED_SELECTOR = YES;
				GCC_WARN_UNINITIALIZED_AUTOS = YES_AGGRESSIVE;
				GCC_WARN_UNUSED_FUNCTION = YES;
				GCC_WARN_UNUSED_VARIABLE = YES;
				IPHONEOS_DEPLOYMENT_TARGET = 13.4;
				MTL_ENABLE_DEBUG_INFO = NO;
				MTL_FAST_MATH = YES;
				SDKROOT = iphoneos;
				SWIFT_COMPILATION_MODE = wholemodule;
				SWIFT_OPTIMIZATION_LEVEL = "-O";
				VALIDATE_PRODUCT = YES;
			};
			name = Release;
		};
		B30434FE2451EE81007D6F3C /* Debug */ = {
			isa = XCBuildConfiguration;
			baseConfigurationReference = D1719F49DE69D292E3DFD21C /* Pods-LifeTree.debug.xcconfig */;
			buildSettings = {
				ASSETCATALOG_COMPILER_APPICON_NAME = AppIcon;
				CODE_SIGN_ENTITLEMENTS = LifeTree/LifeTree.entitlements;
				CODE_SIGN_IDENTITY = "Apple Development";
				CODE_SIGN_STYLE = Automatic;
				CURRENT_PROJECT_VERSION = 5;
				DEVELOPMENT_TEAM = 76DX35F6T7;
				INFOPLIST_FILE = LifeTree/Info.plist;
				IPHONEOS_DEPLOYMENT_TARGET = 13.3;
				LD_RUNPATH_SEARCH_PATHS = (
					"$(inherited)",
					"@executable_path/Frameworks",
				);
				MARKETING_VERSION = 1.1;
				PRODUCT_BUNDLE_IDENTIFIER = bivilin.LifeTree;
				PRODUCT_NAME = Lifetree;
				PROVISIONING_PROFILE_SPECIFIER = "";
				SWIFT_VERSION = 5.0;
				TARGETED_DEVICE_FAMILY = "1,2";
			};
			name = Debug;
		};
		B30434FF2451EE81007D6F3C /* Release */ = {
			isa = XCBuildConfiguration;
			baseConfigurationReference = 096CCE6A441B9F401E4ED645 /* Pods-LifeTree.release.xcconfig */;
			buildSettings = {
				ASSETCATALOG_COMPILER_APPICON_NAME = AppIcon;
				CODE_SIGN_ENTITLEMENTS = LifeTree/LifeTree.entitlements;
				CODE_SIGN_IDENTITY = "Apple Development";
				CODE_SIGN_STYLE = Automatic;
				CURRENT_PROJECT_VERSION = 5;
				DEVELOPMENT_TEAM = 76DX35F6T7;
				INFOPLIST_FILE = LifeTree/Info.plist;
				IPHONEOS_DEPLOYMENT_TARGET = 13.3;
				LD_RUNPATH_SEARCH_PATHS = (
					"$(inherited)",
					"@executable_path/Frameworks",
				);
				MARKETING_VERSION = 1.1;
				PRODUCT_BUNDLE_IDENTIFIER = bivilin.LifeTree;
				PRODUCT_NAME = Lifetree;
				PROVISIONING_PROFILE_SPECIFIER = "";
				SWIFT_VERSION = 5.0;
				TARGETED_DEVICE_FAMILY = "1,2";
			};
			name = Release;
		};
/* End XCBuildConfiguration section */

/* Begin XCConfigurationList section */
		B30434E12451EE7E007D6F3C /* Build configuration list for PBXProject "LifeTree" */ = {
			isa = XCConfigurationList;
			buildConfigurations = (
				B30434FB2451EE81007D6F3C /* Debug */,
				B30434FC2451EE81007D6F3C /* Release */,
			);
			defaultConfigurationIsVisible = 0;
			defaultConfigurationName = Release;
		};
		B30434FD2451EE81007D6F3C /* Build configuration list for PBXNativeTarget "LifeTree" */ = {
			isa = XCConfigurationList;
			buildConfigurations = (
				B30434FE2451EE81007D6F3C /* Debug */,
				B30434FF2451EE81007D6F3C /* Release */,
			);
			defaultConfigurationIsVisible = 0;
			defaultConfigurationName = Release;
		};
/* End XCConfigurationList section */

/* Begin XCVersionGroup section */
		B304350C2451EEBB007D6F3C /* LifeTree.xcdatamodeld */ = {
			isa = XCVersionGroup;
			children = (
				B304350B2451EEBB007D6F3C /* SelfCoreData.xcdatamodel */,
			);
			currentVersion = B304350B2451EEBB007D6F3C /* SelfCoreData.xcdatamodel */;
			path = LifeTree.xcdatamodeld;
			sourceTree = "<group>";
		};
/* End XCVersionGroup section */
	};
	rootObject = B30434DE2451EE7E007D6F3C /* Project object */;
}
