PODS:
  - FloatingPanel (1.7.4)
  - UICircularProgressRing (6.5.0)

DEPENDENCIES:
  - FloatingPanel
  - UICircularProgressRing

SPEC REPOS:
  trunk:
    - FloatingPanel
    - UICircularProgressRing

SPEC CHECKSUMS:
  FloatingPanel: 3c9d0e30fe350e1613157557769d2ec97f76b96b
  UICircularProgressRing: e6852e8f88e296cbbbe2720cccb55241acda6708

PODFILE CHECKSUM: 31fb348a6142ce17f21760b837eb6517d2ae68b0

COCOAPODS: 1.9.1
