// !$*UTF8*$!
{
	archiveVersion = 1;
	classes = {
	};
	objectVersion = 50;
	objects = {

/* Begin PBXBuildFile section */
		B3B8A8242453614C00139531 /* DAO.swift in Sources */ = {isa = PBXBuildFile; fileRef = B3B8A8232453614C00139531 /* DAO.swift */; };
		B3E625A824509D7D0033A821 /* AppDelegate.swift in Sources */ = {isa = PBXBuildFile; fileRef = B3E625A724509D7D0033A821 /* AppDelegate.swift */; };
		B3E625AA24509D7D0033A821 /* SceneDelegate.swift in Sources */ = {isa = PBXBuildFile; fileRef = B3E625A924509D7D0033A821 /* SceneDelegate.swift */; };
		B3E625AC24509D7D0033A821 /* ViewController.swift in Sources */ = {isa = PBXBuildFile; fileRef = B3E625AB24509D7D0033A821 /* ViewController.swift */; };
		B3E625AF24509D7D0033A821 /* Main.storyboard in Resources */ = {isa = PBXBuildFile; fileRef = B3E625AD24509D7D0033A821 /* Main.storyboard */; };
		B3E625B124509D810033A821 /* Assets.xcassets in Resources */ = {isa = PBXBuildFile; fileRef = B3E625B024509D810033A821 /* Assets.xcassets */; };
		B3E625B424509D810033A821 /* LaunchScreen.storyboard in Resources */ = {isa = PBXBuildFile; fileRef = B3E625B224509D810033A821 /* LaunchScreen.storyboard */; };
		B3E625BD24509E650033A821 /* SelfIslandServices.swift in Sources */ = {isa = PBXBuildFile; fileRef = B3E625BC24509E650033A821 /* SelfIslandServices.swift */; };
		B3E625C024509E950033A821 /* SelfIslandDAO.swift in Sources */ = {isa = PBXBuildFile; fileRef = B3E625BE24509E950033A821 /* SelfIslandDAO.swift */; };
		B3E625C624509ECE0033A821 /* QueueManager.swift in Sources */ = {isa = PBXBuildFile; fileRef = B3E625C424509ECE0033A821 /* QueueManager.swift */; };
		B3E625C724509ECE0033A821 /* CoreDataManager.swift in Sources */ = {isa = PBXBuildFile; fileRef = B3E625C524509ECE0033A821 /* CoreDataManager.swift */; };
		B3E625C924509EE40033A821 /* SelfIsland.swift in Sources */ = {isa = PBXBuildFile; fileRef = B3E625C824509EE40033A821 /* SelfIsland.swift */; };
		B3E625D12450A2230033A821 /* SelfCoreData.xcdatamodeld in Sources */ = {isa = PBXBuildFile; fileRef = B3E625CF2450A2230033A821 /* SelfCoreData.xcdatamodeld */; };
		B3E625D52450A30C0033A821 /* Errors.swift in Sources */ = {isa = PBXBuildFile; fileRef = B3E625D42450A30C0033A821 /* Errors.swift */; };
/* End PBXBuildFile section */

/* Begin PBXFileReference section */
		B3B8A8232453614C00139531 /* DAO.swift */ = {isa = PBXFileReference; fileEncoding = 4; lastKnownFileType = sourcecode.swift; name = DAO.swift; path = SelfCoreData/Persistence/DAO/DAO.swift; sourceTree = SOURCE_ROOT; };
		B3E625A424509D7D0033A821 /* SelfCoreData.app */ = {isa = PBXFileReference; explicitFileType = wrapper.application; includeInIndex = 0; path = SelfCoreData.app; sourceTree = BUILT_PRODUCTS_DIR; };
		B3E625A724509D7D0033A821 /* AppDelegate.swift */ = {isa = PBXFileReference; lastKnownFileType = sourcecode.swift; path = AppDelegate.swift; sourceTree = "<group>"; };
		B3E625A924509D7D0033A821 /* SceneDelegate.swift */ = {isa = PBXFileReference; lastKnownFileType = sourcecode.swift; path = SceneDelegate.swift; sourceTree = "<group>"; };
		B3E625AB24509D7D0033A821 /* ViewController.swift */ = {isa = PBXFileReference; lastKnownFileType = sourcecode.swift; path = ViewController.swift; sourceTree = "<group>"; };
		B3E625AE24509D7D0033A821 /* Base */ = {isa = PBXFileReference; lastKnownFileType = file.storyboard; name = Base; path = Base.lproj/Main.storyboard; sourceTree = "<group>"; };
		B3E625B024509D810033A821 /* Assets.xcassets */ = {isa = PBXFileReference; lastKnownFileType = folder.assetcatalog; path = Assets.xcassets; sourceTree = "<group>"; };
		B3E625B324509D810033A821 /* Base */ = {isa = PBXFileReference; lastKnownFileType = file.storyboard; name = Base; path = Base.lproj/LaunchScreen.storyboard; sourceTree = "<group>"; };
		B3E625B524509D810033A821 /* Info.plist */ = {isa = PBXFileReference; lastKnownFileType = text.plist.xml; path = Info.plist; sourceTree = "<group>"; };
		B3E625BC24509E650033A821 /* SelfIslandServices.swift */ = {isa = PBXFileReference; fileEncoding = 4; lastKnownFileType = sourcecode.swift; path = SelfIslandServices.swift; sourceTree = "<group>"; };
		B3E625BE24509E950033A821 /* SelfIslandDAO.swift */ = {isa = PBXFileReference; fileEncoding = 4; lastKnownFileType = sourcecode.swift; path = SelfIslandDAO.swift; sourceTree = "<group>"; };
		B3E625C424509ECE0033A821 /* QueueManager.swift */ = {isa = PBXFileReference; fileEncoding = 4; lastKnownFileType = sourcecode.swift; path = QueueManager.swift; sourceTree = "<group>"; };
		B3E625C524509ECE0033A821 /* CoreDataManager.swift */ = {isa = PBXFileReference; fileEncoding = 4; lastKnownFileType = sourcecode.swift; path = CoreDataManager.swift; sourceTree = "<group>"; };
		B3E625C824509EE40033A821 /* SelfIsland.swift */ = {isa = PBXFileReference; fileEncoding = 4; lastKnownFileType = sourcecode.swift; path = SelfIsland.swift; sourceTree = "<group>"; };
		B3E625D02450A2230033A821 /* SelfCoreData.xcdatamodel */ = {isa = PBXFileReference; lastKnownFileType = wrapper.xcdatamodel; path = SelfCoreData.xcdatamodel; sourceTree = "<group>"; };
		B3E625D42450A30C0033A821 /* Errors.swift */ = {isa = PBXFileReference; lastKnownFileType = sourcecode.swift; path = Errors.swift; sourceTree = "<group>"; };
/* End PBXFileReference section */

/* Begin PBXFrameworksBuildPhase section */
		B3E625A124509D7D0033A821 /* Frameworks */ = {
			isa = PBXFrameworksBuildPhase;
			buildActionMask = 2147483647;
			files = (
			);
			runOnlyForDeploymentPostprocessing = 0;
		};
/* End PBXFrameworksBuildPhase section */

/* Begin PBXGroup section */
		B3E6259B24509D7D0033A821 = {
			isa = PBXGroup;
			children = (
				B3E625A624509D7D0033A821 /* SelfCoreData */,
				B3E625A524509D7D0033A821 /* Products */,
			);
			sourceTree = "<group>";
		};
		B3E625A524509D7D0033A821 /* Products */ = {
			isa = PBXGroup;
			children = (
				B3E625A424509D7D0033A821 /* SelfCoreData.app */,
			);
			name = Products;
			sourceTree = "<group>";
		};
		B3E625A624509D7D0033A821 /* SelfCoreData */ = {
			isa = PBXGroup;
			children = (
				B3E625CB24509F0D0033A821 /* Business */,
				B3E625CA24509EE90033A821 /* Model */,
				B3E625C324509EAD0033A821 /* Mechanisms */,
				B3E625BB24509DC70033A821 /* Persistence */,
				B3E625A724509D7D0033A821 /* AppDelegate.swift */,
				B3E625A924509D7D0033A821 /* SceneDelegate.swift */,
				B3E625AB24509D7D0033A821 /* ViewController.swift */,
				B3E625AD24509D7D0033A821 /* Main.storyboard */,
				B3E625B024509D810033A821 /* Assets.xcassets */,
				B3E625B224509D810033A821 /* LaunchScreen.storyboard */,
				B3E625B524509D810033A821 /* Info.plist */,
			);
			path = SelfCoreData;
			sourceTree = "<group>";
		};
		B3E625BB24509DC70033A821 /* Persistence */ = {
			isa = PBXGroup;
			children = (
				B3E625C224509E990033A821 /* DAO */,
				B3E625CF2450A2230033A821 /* SelfCoreData.xcdatamodeld */,
			);
			name = Persistence;
			path = ../../LifeTree/LifeTree/Persistence;
			sourceTree = "<group>";
		};
		B3E625C224509E990033A821 /* DAO */ = {
			isa = PBXGroup;
			children = (
				B3B8A8232453614C00139531 /* DAO.swift */,
				B3E625BE24509E950033A821 /* SelfIslandDAO.swift */,
			);
			path = DAO;
			sourceTree = "<group>";
		};
		B3E625C324509EAD0033A821 /* Mechanisms */ = {
			isa = PBXGroup;
			children = (
				B3E625C524509ECE0033A821 /* CoreDataManager.swift */,
				B3E625C424509ECE0033A821 /* QueueManager.swift */,
			);
			name = Mechanisms;
			path = ../../LifeTree/LifeTree/Mechanisms;
			sourceTree = "<group>";
		};
		B3E625CA24509EE90033A821 /* Model */ = {
			isa = PBXGroup;
			children = (
				B3E625C824509EE40033A821 /* SelfIsland.swift */,
				B3E625D42450A30C0033A821 /* Errors.swift */,
			);
			name = Model;
			path = ../../LifeTree/LifeTree/Model;
			sourceTree = "<group>";
		};
		B3E625CB24509F0D0033A821 /* Business */ = {
			isa = PBXGroup;
			children = (
				B3E625BC24509E650033A821 /* SelfIslandServices.swift */,
			);
			name = Business;
			path = ../../LifeTree/LifeTree/Business;
			sourceTree = "<group>";
		};
/* End PBXGroup section */

/* Begin PBXNativeTarget section */
		B3E625A324509D7D0033A821 /* SelfCoreData */ = {
			isa = PBXNativeTarget;
			buildConfigurationList = B3E625B824509D810033A821 /* Build configuration list for PBXNativeTarget "SelfCoreData" */;
			buildPhases = (
				B3E625A024509D7D0033A821 /* Sources */,
				B3E625A124509D7D0033A821 /* Frameworks */,
				B3E625A224509D7D0033A821 /* Resources */,
			);
			buildRules = (
			);
			dependencies = (
			);
			name = SelfCoreData;
			productName = SelfCoreData;
			productReference = B3E625A424509D7D0033A821 /* SelfCoreData.app */;
			productType = "com.apple.product-type.application";
		};
/* End PBXNativeTarget section */

/* Begin PBXProject section */
		B3E6259C24509D7D0033A821 /* Project object */ = {
			isa = PBXProject;
			attributes = {
				LastSwiftUpdateCheck = 1140;
				LastUpgradeCheck = 1140;
				ORGANIZATIONNAME = "Beatriz Viseu Linhares";
				TargetAttributes = {
					B3E625A324509D7D0033A821 = {
						CreatedOnToolsVersion = 11.4.1;
					};
				};
			};
			buildConfigurationList = B3E6259F24509D7D0033A821 /* Build configuration list for PBXProject "SelfCoreData" */;
			compatibilityVersion = "Xcode 9.3";
			developmentRegion = en;
			hasScannedForEncodings = 0;
			knownRegions = (
				en,
				Base,
			);
			mainGroup = B3E6259B24509D7D0033A821;
			productRefGroup = B3E625A524509D7D0033A821 /* Products */;
			projectDirPath = "";
			projectRoot = "";
			targets = (
				B3E625A324509D7D0033A821 /* SelfCoreData */,
			);
		};
/* End PBXProject section */

/* Begin PBXResourcesBuildPhase section */
		B3E625A224509D7D0033A821 /* Resources */ = {
			isa = PBXResourcesBuildPhase;
			buildActionMask = 2147483647;
			files = (
				B3E625B424509D810033A821 /* LaunchScreen.storyboard in Resources */,
				B3E625B124509D810033A821 /* Assets.xcassets in Resources */,
				B3E625AF24509D7D0033A821 /* Main.storyboard in Resources */,
			);
			runOnlyForDeploymentPostprocessing = 0;
		};
/* End PBXResourcesBuildPhase section */

/* Begin PBXSourcesBuildPhase section */
		B3E625A024509D7D0033A821 /* Sources */ = {
			isa = PBXSourcesBuildPhase;
			buildActionMask = 2147483647;
			files = (
				B3B8A8242453614C00139531 /* DAO.swift in Sources */,
				B3E625BD24509E650033A821 /* SelfIslandServices.swift in Sources */,
				B3E625AC24509D7D0033A821 /* ViewController.swift in Sources */,
				B3E625A824509D7D0033A821 /* AppDelegate.swift in Sources */,
				B3E625C024509E950033A821 /* SelfIslandDAO.swift in Sources */,
				B3E625C924509EE40033A821 /* SelfIsland.swift in Sources */,
				B3E625AA24509D7D0033A821 /* SceneDelegate.swift in Sources */,
				B3E625D52450A30C0033A821 /* Errors.swift in Sources */,
				B3E625C724509ECE0033A821 /* CoreDataManager.swift in Sources */,
				B3E625D12450A2230033A821 /* SelfCoreData.xcdatamodeld in Sources */,
				B3E625C624509ECE0033A821 /* QueueManager.swift in Sources */,
			);
			runOnlyForDeploymentPostprocessing = 0;
		};
/* End PBXSourcesBuildPhase section */

/* Begin PBXVariantGroup section */
		B3E625AD24509D7D0033A821 /* Main.storyboard */ = {
			isa = PBXVariantGroup;
			children = (
				B3E625AE24509D7D0033A821 /* Base */,
			);
			name = Main.storyboard;
			sourceTree = "<group>";
		};
		B3E625B224509D810033A821 /* LaunchScreen.storyboard */ = {
			isa = PBXVariantGroup;
			children = (
				B3E625B324509D810033A821 /* Base */,
			);
			name = LaunchScreen.storyboard;
			sourceTree = "<group>";
		};
/* End PBXVariantGroup section */

/* Begin XCBuildConfiguration section */
		B3E625B624509D810033A821 /* Debug */ = {
			isa = XCBuildConfiguration;
			buildSettings = {
				ALWAYS_SEARCH_USER_PATHS = NO;
				CLANG_ANALYZER_NONNULL = YES;
				CLANG_ANALYZER_NUMBER_OBJECT_CONVERSION = YES_AGGRESSIVE;
				CLANG_CXX_LANGUAGE_STANDARD = "gnu++14";
				CLANG_CXX_LIBRARY = "libc++";
				CLANG_ENABLE_MODULES = YES;
				CLANG_ENABLE_OBJC_ARC = YES;
				CLANG_ENABLE_OBJC_WEAK = YES;
				CLANG_WARN_BLOCK_CAPTURE_AUTORELEASING = YES;
				CLANG_WARN_BOOL_CONVERSION = YES;
				CLANG_WARN_COMMA = YES;
				CLANG_WARN_CONSTANT_CONVERSION = YES;
				CLANG_WARN_DEPRECATED_OBJC_IMPLEMENTATIONS = YES;
				CLANG_WARN_DIRECT_OBJC_ISA_USAGE = YES_ERROR;
				CLANG_WARN_DOCUMENTATION_COMMENTS = YES;
				CLANG_WARN_EMPTY_BODY = YES;
				CLANG_WARN_ENUM_CONVERSION = YES;
				CLANG_WARN_INFINITE_RECURSION = YES;
				CLANG_WARN_INT_CONVERSION = YES;
				CLANG_WARN_NON_LITERAL_NULL_CONVERSION = YES;
				CLANG_WARN_OBJC_IMPLICIT_RETAIN_SELF = YES;
				CLANG_WARN_OBJC_LITERAL_CONVERSION = YES;
				CLANG_WARN_OBJC_ROOT_CLASS = YES_ERROR;
				CLANG_WARN_RANGE_LOOP_ANALYSIS = YES;
				CLANG_WARN_STRICT_PROTOTYPES = YES;
				CLANG_WARN_SUSPICIOUS_MOVE = YES;
				CLANG_WARN_UNGUARDED_AVAILABILITY = YES_AGGRESSIVE;
				CLANG_WARN_UNREACHABLE_CODE = YES;
				CLANG_WARN__DUPLICATE_METHOD_MATCH = YES;
				COPY_PHASE_STRIP = NO;
				DEBUG_INFORMATION_FORMAT = dwarf;
				ENABLE_STRICT_OBJC_MSGSEND = YES;
				ENABLE_TESTABILITY = YES;
				GCC_C_LANGUAGE_STANDARD = gnu11;
				GCC_DYNAMIC_NO_PIC = NO;
				GCC_NO_COMMON_BLOCKS = YES;
				GCC_OPTIMIZATION_LEVEL = 0;
				GCC_PREPROCESSOR_DEFINITIONS = (
					"DEBUG=1",
					"$(inherited)",
				);
				GCC_WARN_64_TO_32_BIT_CONVERSION = YES;
				GCC_WARN_ABOUT_RETURN_TYPE = YES_ERROR;
				GCC_WARN_UNDECLARED_SELECTOR = YES;
				GCC_WARN_UNINITIALIZED_AUTOS = YES_AGGRESSIVE;
				GCC_WARN_UNUSED_FUNCTION = YES;
				GCC_WARN_UNUSED_VARIABLE = YES;
				IPHONEOS_DEPLOYMENT_TARGET = 13.4;
				MTL_ENABLE_DEBUG_INFO = INCLUDE_SOURCE;
				MTL_FAST_MATH = YES;
				ONLY_ACTIVE_ARCH = YES;
				SDKROOT = iphoneos;
				SWIFT_ACTIVE_COMPILATION_CONDITIONS = DEBUG;
				SWIFT_OPTIMIZATION_LEVEL = "-Onone";
			};
			name = Debug;
		};
		B3E625B724509D810033A821 /* Release */ = {
			isa = XCBuildConfiguration;
			buildSettings = {
				ALWAYS_SEARCH_USER_PATHS = NO;
				CLANG_ANALYZER_NONNULL = YES;
				CLANG_ANALYZER_NUMBER_OBJECT_CONVERSION = YES_AGGRESSIVE;
				CLANG_CXX_LANGUAGE_STANDARD = "gnu++14";
				CLANG_CXX_LIBRARY = "libc++";
				CLANG_ENABLE_MODULES = YES;
				CLANG_ENABLE_OBJC_ARC = YES;
				CLANG_ENABLE_OBJC_WEAK = YES;
				CLANG_WARN_BLOCK_CAPTURE_AUTORELEASING = YES;
				CLANG_WARN_BOOL_CONVERSION = YES;
				CLANG_WARN_COMMA = YES;
				CLANG_WARN_CONSTANT_CONVERSION = YES;
				CLANG_WARN_DEPRECATED_OBJC_IMPLEMENTATIONS = YES;
				CLANG_WARN_DIRECT_OBJC_ISA_USAGE = YES_ERROR;
				CLANG_WARN_DOCUMENTATION_COMMENTS = YES;
				CLANG_WARN_EMPTY_BODY = YES;
				CLANG_WARN_ENUM_CONVERSION = YES;
				CLANG_WARN_INFINITE_RECURSION = YES;
				CLANG_WARN_INT_CONVERSION = YES;
				CLANG_WARN_NON_LITERAL_NULL_CONVERSION = YES;
				CLANG_WARN_OBJC_IMPLICIT_RETAIN_SELF = YES;
				CLANG_WARN_OBJC_LITERAL_CONVERSION = YES;
				CLANG_WARN_OBJC_ROOT_CLASS = YES_ERROR;
				CLANG_WARN_RANGE_LOOP_ANALYSIS = YES;
				CLANG_WARN_STRICT_PROTOTYPES = YES;
				CLANG_WARN_SUSPICIOUS_MOVE = YES;
				CLANG_WARN_UNGUARDED_AVAILABILITY = YES_AGGRESSIVE;
				CLANG_WARN_UNREACHABLE_CODE = YES;
				CLANG_WARN__DUPLICATE_METHOD_MATCH = YES;
				COPY_PHASE_STRIP = NO;
				DEBUG_INFORMATION_FORMAT = "dwarf-with-dsym";
				ENABLE_NS_ASSERTIONS = NO;
				ENABLE_STRICT_OBJC_MSGSEND = YES;
				GCC_C_LANGUAGE_STANDARD = gnu11;
				GCC_NO_COMMON_BLOCKS = YES;
				GCC_WARN_64_TO_32_BIT_CONVERSION = YES;
				GCC_WARN_ABOUT_RETURN_TYPE = YES_ERROR;
				GCC_WARN_UNDECLARED_SELECTOR = YES;
				GCC_WARN_UNINITIALIZED_AUTOS = YES_AGGRESSIVE;
				GCC_WARN_UNUSED_FUNCTION = YES;
				GCC_WARN_UNUSED_VARIABLE = YES;
				IPHONEOS_DEPLOYMENT_TARGET = 13.4;
				MTL_ENABLE_DEBUG_INFO = NO;
				MTL_FAST_MATH = YES;
				SDKROOT = iphoneos;
				SWIFT_COMPILATION_MODE = wholemodule;
				SWIFT_OPTIMIZATION_LEVEL = "-O";
				VALIDATE_PRODUCT = YES;
			};
			name = Release;
		};
		B3E625B924509D810033A821 /* Debug */ = {
			isa = XCBuildConfiguration;
			buildSettings = {
				ASSETCATALOG_COMPILER_APPICON_NAME = AppIcon;
				CODE_SIGN_STYLE = Automatic;
				DEVELOPMENT_TEAM = 2M7ZQ8AZ57;
				INFOPLIST_FILE = SelfCoreData/Info.plist;
				LD_RUNPATH_SEARCH_PATHS = (
					"$(inherited)",
					"@executable_path/Frameworks",
				);
				PRODUCT_BUNDLE_IDENTIFIER = bivilin.SelfCoreData;
				PRODUCT_NAME = "$(TARGET_NAME)";
				SWIFT_VERSION = 5.0;
				TARGETED_DEVICE_FAMILY = "1,2";
			};
			name = Debug;
		};
		B3E625BA24509D810033A821 /* Release */ = {
			isa = XCBuildConfiguration;
			buildSettings = {
				ASSETCATALOG_COMPILER_APPICON_NAME = AppIcon;
				CODE_SIGN_STYLE = Automatic;
				DEVELOPMENT_TEAM = 2M7ZQ8AZ57;
				INFOPLIST_FILE = SelfCoreData/Info.plist;
				LD_RUNPATH_SEARCH_PATHS = (
					"$(inherited)",
					"@executable_path/Frameworks",
				);
				PRODUCT_BUNDLE_IDENTIFIER = bivilin.SelfCoreData;
				PRODUCT_NAME = "$(TARGET_NAME)";
				SWIFT_VERSION = 5.0;
				TARGETED_DEVICE_FAMILY = "1,2";
			};
			name = Release;
		};
/* End XCBuildConfiguration section */

/* Begin XCConfigurationList section */
		B3E6259F24509D7D0033A821 /* Build configuration list for PBXProject "SelfCoreData" */ = {
			isa = XCConfigurationList;
			buildConfigurations = (
				B3E625B624509D810033A821 /* Debug */,
				B3E625B724509D810033A821 /* Release */,
			);
			defaultConfigurationIsVisible = 0;
			defaultConfigurationName = Release;
		};
		B3E625B824509D810033A821 /* Build configuration list for PBXNativeTarget "SelfCoreData" */ = {
			isa = XCConfigurationList;
			buildConfigurations = (
				B3E625B924509D810033A821 /* Debug */,
				B3E625BA24509D810033A821 /* Release */,
			);
			defaultConfigurationIsVisible = 0;
			defaultConfigurationName = Release;
		};
/* End XCConfigurationList section */

/* Begin XCVersionGroup section */
		B3E625CF2450A2230033A821 /* SelfCoreData.xcdatamodeld */ = {
			isa = XCVersionGroup;
			children = (
				B3E625D02450A2230033A821 /* SelfCoreData.xcdatamodel */,
			);
			currentVersion = B3E625D02450A2230033A821 /* SelfCoreData.xcdatamodel */;
			path = SelfCoreData.xcdatamodeld;
			sourceTree = "<group>";
			versionGroupType = wrapper.xcdatamodel;
		};
/* End XCVersionGroup section */
	};
	rootObject = B3E6259C24509D7D0033A821 /* Project object */;
}
